
Microsoft Visual Studio Solution File, Format Version 12.00
# Visual Studio Version 17
VisualStudioVersion = 17.0.31903.59
MinimumVisualStudioVersion = 10.0.40219.1
Project("{FAE04EC0-301F-11D3-BF4B-00C04F79EFBC}") = "DSAConcepts", "DSAConcepts\DSAConcepts.csproj", "{AE601D8C-F4AC-462A-B3F2-C42FDBA4B1F7}"
EndProject
Project("{FAE04EC0-301F-11D3-BF4B-00C04F79EFBC}") = "Leetcode", "Leetcode\Leetcode.csproj", "{B3245FD5-E85F-4511-B329-A0E270C8CAA3}"
EndProject
Global
	GlobalSection(SolutionConfigurationPlatforms) = preSolution
		Debug|Any CPU = Debug|Any CPU
		Release|Any CPU = Release|Any CPU
	EndGlobalSection
	GlobalSection(SolutionProperties) = preSolution
		HideSolutionNode = FALSE
	EndGlobalSection
	GlobalSection(ProjectConfigurationPlatforms) = postSolution
		{AE601D8C-F4AC-462A-B3F2-C42FDBA4B1F7}.Debug|Any CPU.ActiveCfg = Debug|Any CPU
		{AE601D8C-F4AC-462A-B3F2-C42FDBA4B1F7}.Debug|Any CPU.Build.0 = Debug|Any CPU
		{AE601D8C-F4AC-462A-B3F2-C42FDBA4B1F7}.Release|Any CPU.ActiveCfg = Release|Any CPU
		{AE601D8C-F4AC-462A-B3F2-C42FDBA4B1F7}.Release|Any CPU.Build.0 = Release|Any CPU
		{B3245FD5-E85F-4511-B329-A0E270C8CAA3}.Debug|Any CPU.ActiveCfg = Debug|Any CPU
		{B3245FD5-E85F-4511-B329-A0E270C8CAA3}.Debug|Any CPU.Build.0 = Debug|Any CPU
		{B3245FD5-E85F-4511-B329-A0E270C8CAA3}.Release|Any CPU.ActiveCfg = Release|Any CPU
		{B3245FD5-E85F-4511-B329-A0E270C8CAA3}.Release|Any CPU.Build.0 = Release|Any CPU
	EndGlobalSection
EndGlobal
